{
    "version": 3,
    "terraform_version": "0.11.10",
    "serial": 4,
    "lineage": "9cc405ef-501e-9082-8dc6-e3ceef4629cd",
    "modules": [
        {
            "path": [
                "root"
            ],
            "outputs": {},
            "resources": {
                "aws_internet_gateway.gw": {
                    "type": "aws_internet_gateway",
                    "depends_on": [
                        "aws_vpc.Application-VPC"
                    ],
                    "primary": {
                        "id": "igw-094594647935195aa",
                        "attributes": {
                            "id": "igw-094594647935195aa",
                            "owner_id": "571266615535",
                            "tags.%": "1",
                            "tags.Name": "App-VPC-IGW",
                            "vpc_id": "vpc-06b786ef3b28ea4a5"
                        },
                        "meta": {},
                        "tainted": false
                    },
                    "deposed": [],
                    "provider": "provider.aws"
                },
                "aws_main_route_table_association.public-main-rt": {
                    "type": "aws_main_route_table_association",
                    "depends_on": [
                        "aws_route_table.web-public-rt",
                        "aws_vpc.Application-VPC"
                    ],
                    "primary": {
                        "id": "rtbassoc-0652bb6f6b8dcab22",
                        "attributes": {
                            "id": "rtbassoc-0652bb6f6b8dcab22",
                            "original_route_table_id": "rtb-0799f5583b382b6bf",
                            "route_table_id": "rtb-065931d0619ab22d8",
                            "vpc_id": "vpc-06b786ef3b28ea4a5"
                        },
                        "meta": {},
                        "tainted": false
                    },
                    "deposed": [],
                    "provider": "provider.aws"
                },
                "aws_route53_zone.private": {
                    "type": "aws_route53_zone",
                    "depends_on": [
                        "aws_vpc.Application-VPC"
                    ],
                    "primary": {
                        "id": "Z15MM0P4S8PXJ6",
                        "attributes": {
                            "comment": "Managed by Terraform",
                            "delegation_set_id": "",
                            "force_destroy": "false",
                            "id": "Z15MM0P4S8PXJ6",
                            "name": "kin.test.",
                            "name_servers.#": "4",
                            "name_servers.0": "ns-0.awsdns-00.com.",
                            "name_servers.1": "ns-1024.awsdns-00.org.",
                            "name_servers.2": "ns-1536.awsdns-00.co.uk.",
                            "name_servers.3": "ns-512.awsdns-00.net.",
                            "tags.%": "0",
                            "vpc.#": "1",
                            "vpc.993681309.vpc_id": "vpc-06b786ef3b28ea4a5",
                            "vpc.993681309.vpc_region": "us-west-2",
                            "zone_id": "Z15MM0P4S8PXJ6"
                        },
                        "meta": {},
                        "tainted": false
                    },
                    "deposed": [],
                    "provider": "provider.aws"
                },
                "aws_route_table.web-public-rt": {
                    "type": "aws_route_table",
                    "depends_on": [
                        "aws_internet_gateway.gw",
                        "aws_vpc.Application-VPC"
                    ],
                    "primary": {
                        "id": "rtb-065931d0619ab22d8",
                        "attributes": {
                            "id": "rtb-065931d0619ab22d8",
                            "owner_id": "571266615535",
                            "propagating_vgws.#": "0",
                            "route.#": "1",
                            "route.250015427.cidr_block": "0.0.0.0/0",
                            "route.250015427.egress_only_gateway_id": "",
                            "route.250015427.gateway_id": "igw-094594647935195aa",
                            "route.250015427.instance_id": "",
                            "route.250015427.ipv6_cidr_block": "",
                            "route.250015427.nat_gateway_id": "",
                            "route.250015427.network_interface_id": "",
                            "route.250015427.transit_gateway_id": "",
                            "route.250015427.vpc_peering_connection_id": "",
                            "tags.%": "1",
                            "tags.Name": "Fed-Public-RT",
                            "vpc_id": "vpc-06b786ef3b28ea4a5"
                        },
                        "meta": {},
                        "tainted": false
                    },
                    "deposed": [],
                    "provider": "provider.aws"
                },
                "aws_vpc.Application-VPC": {
                    "type": "aws_vpc",
                    "depends_on": [],
                    "primary": {
                        "id": "vpc-06b786ef3b28ea4a5",
                        "attributes": {
                            "arn": "arn:aws:ec2:us-west-2:571266615535:vpc/vpc-06b786ef3b28ea4a5",
                            "assign_generated_ipv6_cidr_block": "false",
                            "cidr_block": "172.31.0.0/16",
                            "default_network_acl_id": "acl-07982bea6d8398ff0",
                            "default_route_table_id": "rtb-0799f5583b382b6bf",
                            "default_security_group_id": "sg-092127bec5ab0e21b",
                            "dhcp_options_id": "dopt-f29e578a",
                            "enable_classiclink": "false",
                            "enable_classiclink_dns_support": "false",
                            "enable_dns_hostnames": "true",
                            "enable_dns_support": "true",
                            "id": "vpc-06b786ef3b28ea4a5",
                            "instance_tenancy": "default",
                            "ipv6_association_id": "",
                            "ipv6_cidr_block": "",
                            "main_route_table_id": "rtb-0799f5583b382b6bf",
                            "owner_id": "571266615535",
                            "tags.%": "1",
                            "tags.Name": "Stellar-Tests-VPC"
                        },
                        "meta": {
                            "schema_version": "1"
                        },
                        "tainted": false
                    },
                    "deposed": [],
                    "provider": "provider.aws"
                }
            },
            "depends_on": []
        }
    ]
}
